<?xml version="1.0" encoding="utf-8"?>
<Project ToolsVersion="4.0" xmlns="http://schemas.microsoft.com/developer/msbuild/2003">
  <ItemGroup>
    <Filter Include="Source Files">
      <UniqueIdentifier>{cd1a174f-72e7-40a6-ab89-8fd61bb31379}</UniqueIdentifier>
      <Extensions>cpp;c;cxx;rc;def;r;odl;idl;hpj;bat</Extensions>
    </Filter>
    <Filter Include="Header Files">
      <UniqueIdentifier>{a9205874-ace3-4ec1-ad98-854e40af452c}</UniqueIdentifier>
      <Extensions>h;hpp;hxx;hm;inl</Extensions>
    </Filter>
    <Filter Include="Resource Files">
      <UniqueIdentifier>{6bc72c07-51b9-40c1-9a4f-316b6f4faf39}</UniqueIdentifier>
      <Extensions>ico;cur;bmp;dlg;rc2;rct;bin;rgs;gif;jpg;jpeg;jpe</Extensions>
    </Filter>
  </ItemGroup>
  <ItemGroup>
    <ClCompile Include="dllreg_ctxm.cpp">
      <Filter>Source Files</Filter>
    </ClCompile>
    <ClCompile Include="dllreg_job.cpp">
      <Filter>Source Files</Filter>
    </ClCompile>
    <ClCompile Include="dllreg_util.cpp">
      <Filter>Source Files</Filter>
    </ClCompile>
    <ClCompile Include="dllregshex.cpp">
      <Filter>Source Files</Filter>
    </ClCompile>
  </ItemGroup>
  <ItemGroup>
    <ResourceCompile Include="dllregshex.rc">
      <Filter>Source Files</Filter>
    </ResourceCompile>
  </ItemGroup>
  <ItemGroup>
    <ClInclude Include="dllreg_util.h">
      <Filter>Header Files</Filter>
    </ClInclude>
    <ClInclude Include="dllreg_xhdr.h">
      <Filter>Header Files</Filter>
    </ClInclude>
    <ClInclude Include="dllregshex.h">
      <Filter>Header Files</Filter>
    </ClInclude>
    <ClInclude Include="resource.h">
      <Filter>Header Files</Filter>
    </ClInclude>
  </ItemGroup>
  <ItemGroup>
    <Image Include="res\about.bmp">
      <Filter>Resource Files</Filter>
    </Image>
    <Image Include="res\install.bmp">
      <Filter>Resource Files</Filter>
    </Image>
    <Image Include="res\ocx.ico">
      <Filter>Resource Files</Filter>
    </Image>
    <Image Include="res\uninstall.bmp">
      <Filter>Resource Files</Filter>
    </Image>
  </ItemGroup>
  <ItemGroup>
    <CustomBuild Include="dllregshex.def">
      <Filter>Source Files</Filter>
    </CustomBuild>
  </ItemGroup>
</Project>